
Microsoft Visual Studio Solution File, Format Version 12.00
# Visual Studio Version 17
VisualStudioVersion = 17.13.35931.197
MinimumVisualStudioVersion = 10.0.40219.1
Project("{FAE04EC0-301F-11D3-BF4B-00C04F79EFBC}") = "5 ООП завдання1", "5 ООП завдання1\5 ООП завдання1.csproj", "{7CB715B4-B59C-418F-9787-FDCE35A1F34C}"
EndProject
Global
	GlobalSection(SolutionConfigurationPlatforms) = preSolution
		Debug|Any CPU = Debug|Any CPU
		Release|Any CPU = Release|Any CPU
	EndGlobalSection
	GlobalSection(ProjectConfigurationPlatforms) = postSolution
		{7CB715B4-B59C-418F-9787-FDCE35A1F34C}.Debug|Any CPU.ActiveCfg = Debug|Any CPU
		{7CB715B4-B59C-418F-9787-FDCE35A1F34C}.Debug|Any CPU.Build.0 = Debug|Any CPU
		{7CB715B4-B59C-418F-9787-FDCE35A1F34C}.Release|Any CPU.ActiveCfg = Release|Any CPU
		{7CB715B4-B59C-418F-9787-FDCE35A1F34C}.Release|Any CPU.Build.0 = Release|Any CPU
	EndGlobalSection
	GlobalSection(SolutionProperties) = preSolution
		HideSolutionNode = FALSE
	EndGlobalSection
	GlobalSection(ExtensibilityGlobals) = postSolution
		SolutionGuid = {1B465B11-E85E-49C6-A2D6-0F0F58EB83D6}
	EndGlobalSection
EndGlobal
